
Microsoft Visual Studio Solution File, Format Version 12.00
# Visual Studio Version 16
VisualStudioVersion = 16.0.30611.23
MinimumVisualStudioVersion = 10.0.40219.1
Project("{FAE04EC0-301F-11D3-BF4B-00C04F79EFBC}") = "Laba №4 OOP", "Laba №4 OOP\Laba №4 OOP.csproj", "{27C32050-55A8-4BCE-AEED-0739B7D4CD53}"
EndProject
Global
	GlobalSection(SolutionConfigurationPlatforms) = preSolution
		Debug|Any CPU = Debug|Any CPU
		Release|Any CPU = Release|Any CPU
	EndGlobalSection
	GlobalSection(ProjectConfigurationPlatforms) = postSolution
		{27C32050-55A8-4BCE-AEED-0739B7D4CD53}.Debug|Any CPU.ActiveCfg = Debug|Any CPU
		{27C32050-55A8-4BCE-AEED-0739B7D4CD53}.Debug|Any CPU.Build.0 = Debug|Any CPU
		{27C32050-55A8-4BCE-AEED-0739B7D4CD53}.Release|Any CPU.ActiveCfg = Release|Any CPU
		{27C32050-55A8-4BCE-AEED-0739B7D4CD53}.Release|Any CPU.Build.0 = Release|Any CPU
	EndGlobalSection
	GlobalSection(SolutionProperties) = preSolution
		HideSolutionNode = FALSE
	EndGlobalSection
	GlobalSection(ExtensibilityGlobals) = postSolution
		SolutionGuid = {AE85BA4B-29CD-4CBB-BE5A-4C5F50E4A8C0}
	EndGlobalSection
EndGlobal
